
Microsoft Visual Studio Solution File, Format Version 12.00
# Visual Studio Version 17
VisualStudioVersion = 17.9.34902.65
MinimumVisualStudioVersion = 10.0.40219.1
Project("{9A19103F-16F7-4668-BE54-9A1E7A4F7556}") = "DarkArmor", "DarkArmor.csproj", "{64C52817-5DC0-49FA-8096-D4F2E07CC7FC}"
EndProject
Global
	GlobalSection(SolutionConfigurationPlatforms) = preSolution
		Debug|Any CPU = Debug|Any CPU
		Release|Any CPU = Release|Any CPU
	EndGlobalSection
	GlobalSection(ProjectConfigurationPlatforms) = postSolution
		{64C52817-5DC0-49FA-8096-D4F2E07CC7FC}.Debug|Any CPU.ActiveCfg = Debug|Any CPU
		{64C52817-5DC0-49FA-8096-D4F2E07CC7FC}.Debug|Any CPU.Build.0 = Debug|Any CPU
		{64C52817-5DC0-49FA-8096-D4F2E07CC7FC}.Release|Any CPU.ActiveCfg = Release|Any CPU
		{64C52817-5DC0-49FA-8096-D4F2E07CC7FC}.Release|Any CPU.Build.0 = Release|Any CPU
	EndGlobalSection
	GlobalSection(SolutionProperties) = preSolution
		HideSolutionNode = FALSE
	EndGlobalSection
	GlobalSection(ExtensibilityGlobals) = postSolution
		SolutionGuid = {F47F640B-3644-4EBB-91AC-817EE3DC4E9A}
	EndGlobalSection
EndGlobal
